
Microsoft Visual Studio Solution File, Format Version 12.00
# Visual Studio Version 17
VisualStudioVersion = 17.5.33502.453
MinimumVisualStudioVersion = 10.0.40219.1
Project("{9A19103F-16F7-4668-BE54-9A1E7A4F7556}") = "Gravity_game_c#", "WinFormsApp3\Gravity_game_c#.csproj", "{DED20BF5-E526-4817-84BF-E433B5322D69}"
EndProject
Global
	GlobalSection(SolutionConfigurationPlatforms) = preSolution
		Debug|Any CPU = Debug|Any CPU
		Release|Any CPU = Release|Any CPU
	EndGlobalSection
	GlobalSection(ProjectConfigurationPlatforms) = postSolution
		{DED20BF5-E526-4817-84BF-E433B5322D69}.Debug|Any CPU.ActiveCfg = Debug|Any CPU
		{DED20BF5-E526-4817-84BF-E433B5322D69}.Debug|Any CPU.Build.0 = Debug|Any CPU
		{DED20BF5-E526-4817-84BF-E433B5322D69}.Release|Any CPU.ActiveCfg = Release|Any CPU
		{DED20BF5-E526-4817-84BF-E433B5322D69}.Release|Any CPU.Build.0 = Release|Any CPU
	EndGlobalSection
	GlobalSection(SolutionProperties) = preSolution
		HideSolutionNode = FALSE
	EndGlobalSection
	GlobalSection(ExtensibilityGlobals) = postSolution
		SolutionGuid = {5DF8B4E1-DC79-4D95-B036-F44C80E9EF1B}
	EndGlobalSection
EndGlobal
